// !$*UTF8*$!
{
	archiveVersion = 1;
	classes = {
	};
	objectVersion = 50;
	objects = {

/* Begin PBXBuildFile section */
		3407962725D799FA002191C5 /* VowelLetterViewController.swift in Sources */ = {isa = PBXBuildFile; fileRef = 3407962625D799FA002191C5 /* VowelLetterViewController.swift */; };
		3407962A25D79B61002191C5 /* RealVowelViewController.swift in Sources */ = {isa = PBXBuildFile; fileRef = 3407962925D79B61002191C5 /* RealVowelViewController.swift */; };
		3407962D25D79BC6002191C5 /* VowelLetter.storyboard in Resources */ = {isa = PBXBuildFile; fileRef = 3407962C25D79BC6002191C5 /* VowelLetter.storyboard */; };
		98358CED25D6A6C70092C8FF /* BeginningSoundsViewController.swift in Sources */ = {isa = PBXBuildFile; fileRef = 98358CE225D6A6C70092C8FF /* BeginningSoundsViewController.swift */; };
		98358CEE25D6A6C70092C8FF /* BeginningSoundsThreeButtonViewController.swift in Sources */ = {isa = PBXBuildFile; fileRef = 98358CE325D6A6C70092C8FF /* BeginningSoundsThreeButtonViewController.swift */; };
		98358CEF25D6A6C70092C8FF /* BeginningSoundsOneButtonViewController.swift in Sources */ = {isa = PBXBuildFile; fileRef = 98358CE425D6A6C70092C8FF /* BeginningSoundsOneButtonViewController.swift */; };
		98358CF025D6A6C70092C8FF /* ThreeButtonLevelViewController.swift in Sources */ = {isa = PBXBuildFile; fileRef = 98358CE525D6A6C70092C8FF /* ThreeButtonLevelViewController.swift */; };
		98358CF125D6A6C70092C8FF /* BeginningSoundsFourButtonViewController.swift in Sources */ = {isa = PBXBuildFile; fileRef = 98358CE625D6A6C70092C8FF /* BeginningSoundsFourButtonViewController.swift */; };
		98358CF225D6A6C70092C8FF /* BeginningSoundsQuizViewController.swift in Sources */ = {isa = PBXBuildFile; fileRef = 98358CE725D6A6C70092C8FF /* BeginningSoundsQuizViewController.swift */; };
		98358CF325D6A6C70092C8FF /* BeginningSoundsTwoButtonViewController.swift in Sources */ = {isa = PBXBuildFile; fileRef = 98358CE825D6A6C70092C8FF /* BeginningSoundsTwoButtonViewController.swift */; };
		98358CF425D6A6C70092C8FF /* OneButtonLevelViewController.swift in Sources */ = {isa = PBXBuildFile; fileRef = 98358CE925D6A6C70092C8FF /* OneButtonLevelViewController.swift */; };
		98358CF525D6A6C70092C8FF /* BeginningSounds.storyboard in Resources */ = {isa = PBXBuildFile; fileRef = 98358CEA25D6A6C70092C8FF /* BeginningSounds.storyboard */; };
		98358CF625D6A6C70092C8FF /* FourButtonLevelViewController.swift in Sources */ = {isa = PBXBuildFile; fileRef = 98358CEB25D6A6C70092C8FF /* FourButtonLevelViewController.swift */; };
		98358CF725D6A6C70092C8FF /* TwoButtonLevelViewController.swift in Sources */ = {isa = PBXBuildFile; fileRef = 98358CEC25D6A6C70092C8FF /* TwoButtonLevelViewController.swift */; };
		C05D1AA325D26B3E00A30442 /* EndingSoundsPages.storyboard in Resources */ = {isa = PBXBuildFile; fileRef = C05D1AA225D26B3E00A30442 /* EndingSoundsPages.storyboard */; };
		C0B508DD25D676550073B187 /* EndingSounds1.swift in Sources */ = {isa = PBXBuildFile; fileRef = C0B508DC25D676550073B187 /* EndingSounds1.swift */; };
		C0B508E325D676720073B187 /* EndingSounds3.swift in Sources */ = {isa = PBXBuildFile; fileRef = C0B508E225D676720073B187 /* EndingSounds3.swift */; };
		C0B508E625D676820073B187 /* EndingSounds4.swift in Sources */ = {isa = PBXBuildFile; fileRef = C0B508E525D676820073B187 /* EndingSounds4.swift */; };
		C0BA854D256C6485000EBAEC /* AppDelegate.swift in Sources */ = {isa = PBXBuildFile; fileRef = C0BA854C256C6485000EBAEC /* AppDelegate.swift */; };
		C0BA854F256C6485000EBAEC /* SceneDelegate.swift in Sources */ = {isa = PBXBuildFile; fileRef = C0BA854E256C6485000EBAEC /* SceneDelegate.swift */; };
		C0BA8551256C6485000EBAEC /* ViewController.swift in Sources */ = {isa = PBXBuildFile; fileRef = C0BA8550256C6485000EBAEC /* ViewController.swift */; };
		C0BA8554256C6485000EBAEC /* Main.storyboard in Resources */ = {isa = PBXBuildFile; fileRef = C0BA8552256C6485000EBAEC /* Main.storyboard */; };
		C0BA8556256C6487000EBAEC /* Assets.xcassets in Resources */ = {isa = PBXBuildFile; fileRef = C0BA8555256C6487000EBAEC /* Assets.xcassets */; };
		C0BA8559256C6487000EBAEC /* LaunchScreen.storyboard in Resources */ = {isa = PBXBuildFile; fileRef = C0BA8557256C6487000EBAEC /* LaunchScreen.storyboard */; };
		C0BA8567256CA9ED000EBAEC /* letterMainPage.swift in Sources */ = {isa = PBXBuildFile; fileRef = C0BA8566256CA9ED000EBAEC /* letterMainPage.swift */; };
		C0BA856F256CAAB5000EBAEC /* EndingSoundsViewController.swift in Sources */ = {isa = PBXBuildFile; fileRef = C0BA856E256CAAB5000EBAEC /* EndingSoundsViewController.swift */; };
		DC65326225E9266F005A4320 /* nameBmras.swift in Sources */ = {isa = PBXBuildFile; fileRef = DC65326125E9266F005A4320 /* nameBmras.swift */; };
		DC65326925E9588F005A4320 /* nameBmrasCap.swift in Sources */ = {isa = PBXBuildFile; fileRef = DC65326825E9588F005A4320 /* nameBmrasCap.swift */; };
		DC65326C25E95AB5005A4320 /* nameAbcde.swift in Sources */ = {isa = PBXBuildFile; fileRef = DC65326B25E95AB5005A4320 /* nameAbcde.swift */; };
		DC65326F25E95CCE005A4320 /* nameAbcdeCap.swift in Sources */ = {isa = PBXBuildFile; fileRef = DC65326E25E95CCE005A4320 /* nameAbcdeCap.swift */; };
		DC65327225E95E97005A4320 /* alphabetLearn.swift in Sources */ = {isa = PBXBuildFile; fileRef = DC65327125E95E97005A4320 /* alphabetLearn.swift */; };
		DC65327625E96C93005A4320 /* 00_Button_Audio_Win_A_Green_Ball_(Alphabet_Letters).mp3 in Resources */ = {isa = PBXBuildFile; fileRef = DC65327525E96C93005A4320 /* 00_Button_Audio_Win_A_Green_Ball_(Alphabet_Letters).mp3 */; };
		DC65329325E97D7E005A4320 /* alphabetSound_A.mp3 in Resources */ = {isa = PBXBuildFile; fileRef = DC65327925E97D7E005A4320 /* alphabetSound_A.mp3 */; };
		DC65329425E97D7E005A4320 /* alphabetSound_V.mp3 in Resources */ = {isa = PBXBuildFile; fileRef = DC65327A25E97D7E005A4320 /* alphabetSound_V.mp3 */; };
		DC65329525E97D7E005A4320 /* alphabetSound_W.mp3 in Resources */ = {isa = PBXBuildFile; fileRef = DC65327B25E97D7E005A4320 /* alphabetSound_W.mp3 */; };
		DC65329625E97D7E005A4320 /* alphabetSound_B.mp3 in Resources */ = {isa = PBXBuildFile; fileRef = DC65327C25E97D7E005A4320 /* alphabetSound_B.mp3 */; };
		DC65329725E97D7E005A4320 /* alphabetSound_U.mp3 in Resources */ = {isa = PBXBuildFile; fileRef = DC65327D25E97D7E005A4320 /* alphabetSound_U.mp3 */; };
		DC65329825E97D7E005A4320 /* alphabetSound_T.mp3 in Resources */ = {isa = PBXBuildFile; fileRef = DC65327E25E97D7E005A4320 /* alphabetSound_T.mp3 */; };
		DC65329925E97D7E005A4320 /* alphabetSound_C.mp3 in Resources */ = {isa = PBXBuildFile; fileRef = DC65327F25E97D7E005A4320 /* alphabetSound_C.mp3 */; };
		DC65329A25E97D7E005A4320 /* alphabetSound_P.mp3 in Resources */ = {isa = PBXBuildFile; fileRef = DC65328025E97D7E005A4320 /* alphabetSound_P.mp3 */; };
		DC65329B25E97D7E005A4320 /* alphabetSound_G.mp3 in Resources */ = {isa = PBXBuildFile; fileRef = DC65328125E97D7E005A4320 /* alphabetSound_G.mp3 */; };
		DC65329C25E97D7E005A4320 /* alphabetSound_F.mp3 in Resources */ = {isa = PBXBuildFile; fileRef = DC65328225E97D7E005A4320 /* alphabetSound_F.mp3 */; };
		DC65329D25E97D7E005A4320 /* alphabetSound_Q.mp3 in Resources */ = {isa = PBXBuildFile; fileRef = DC65328325E97D7E005A4320 /* alphabetSound_Q.mp3 */; };
		DC65329E25E97D7E005A4320 /* alphabetSound_S.mp3 in Resources */ = {isa = PBXBuildFile; fileRef = DC65328425E97D7E005A4320 /* alphabetSound_S.mp3 */; };
		DC65329F25E97D7E005A4320 /* alphabetSound_D.mp3 in Resources */ = {isa = PBXBuildFile; fileRef = DC65328525E97D7E005A4320 /* alphabetSound_D.mp3 */; };
		DC6532A025E97D7E005A4320 /* alphabetSound_E.mp3 in Resources */ = {isa = PBXBuildFile; fileRef = DC65328625E97D7E005A4320 /* alphabetSound_E.mp3 */; };
		DC6532A125E97D7E005A4320 /* alphabetSound_R.mp3 in Resources */ = {isa = PBXBuildFile; fileRef = DC65328725E97D7E005A4320 /* alphabetSound_R.mp3 */; };
		DC6532A225E97D7E005A4320 /* alphabetSound_H.mp3 in Resources */ = {isa = PBXBuildFile; fileRef = DC65328825E97D7E005A4320 /* alphabetSound_H.mp3 */; };
		DC6532A325E97D7E005A4320 /* alphabetSound_I.mp3 in Resources */ = {isa = PBXBuildFile; fileRef = DC65328925E97D7E005A4320 /* alphabetSound_I.mp3 */; };
		DC6532A425E97D7E005A4320 /* alphabetSound_K.mp3 in Resources */ = {isa = PBXBuildFile; fileRef = DC65328A25E97D7E005A4320 /* alphabetSound_K.mp3 */; };
		DC6532A525E97D7E005A4320 /* alphabetSound_J.mp3 in Resources */ = {isa = PBXBuildFile; fileRef = DC65328B25E97D7E005A4320 /* alphabetSound_J.mp3 */; };
		DC6532A625E97D7E005A4320 /* alphabetSound_N.mp3 in Resources */ = {isa = PBXBuildFile; fileRef = DC65328C25E97D7E005A4320 /* alphabetSound_N.mp3 */; };
		DC6532A725E97D7E005A4320 /* alphabetSound_Y.mp3 in Resources */ = {isa = PBXBuildFile; fileRef = DC65328D25E97D7E005A4320 /* alphabetSound_Y.mp3 */; };
		DC6532A825E97D7E005A4320 /* alphabetSound_X.mp3 in Resources */ = {isa = PBXBuildFile; fileRef = DC65328E25E97D7E005A4320 /* alphabetSound_X.mp3 */; };
		DC6532A925E97D7E005A4320 /* alphabetSound_O.mp3 in Resources */ = {isa = PBXBuildFile; fileRef = DC65328F25E97D7E005A4320 /* alphabetSound_O.mp3 */; };
		DC6532AA25E97D7E005A4320 /* alphabetSound_M.mp3 in Resources */ = {isa = PBXBuildFile; fileRef = DC65329025E97D7E005A4320 /* alphabetSound_M.mp3 */; };
		DC6532AB25E97D7E005A4320 /* alphabetSound_Z.mp3 in Resources */ = {isa = PBXBuildFile; fileRef = DC65329125E97D7E005A4320 /* alphabetSound_Z.mp3 */; };
		DC6532AC25E97D7E005A4320 /* alphabetSound_L.mp3 in Resources */ = {isa = PBXBuildFile; fileRef = DC65329225E97D7E005A4320 /* alphabetSound_L.mp3 */; };
		DC6532B025E98652005A4320 /* 00alphabet_letters.mp3 in Resources */ = {isa = PBXBuildFile; fileRef = DC6532AF25E98652005A4320 /* 00alphabet_letters.mp3 */; };
		DC8EB4BF25CB17B300FD7BB1 /* PuzzleViewController.swift in Sources */ = {isa = PBXBuildFile; fileRef = DC8EB4BD25CB17B300FD7BB1 /* PuzzleViewController.swift */; };
		DC8EB4C025CB17B300FD7BB1 /* CoinViewController.swift in Sources */ = {isa = PBXBuildFile; fileRef = DC8EB4BE25CB17B300FD7BB1 /* CoinViewController.swift */; };
		DCC2567C2604FA0500E48B78 /* alphabetQuiz_correct.mp3 in Resources */ = {isa = PBXBuildFile; fileRef = DCC2567B2604FA0500E48B78 /* alphabetQuiz_correct.mp3 */; };
		DCD5CA3625CECD110095B416 /* LetterPages.storyboard in Resources */ = {isa = PBXBuildFile; fileRef = DCD5CA3525CECD110095B416 /* LetterPages.storyboard */; };
		DCECA4DA25EC0FC100FECDD8 /* alphabetQuiz.swift in Sources */ = {isa = PBXBuildFile; fileRef = DCECA4D925EC0FC100FECDD8 /* alphabetQuiz.swift */; };
/* End PBXBuildFile section */

/* Begin PBXFileReference section */
		3407962625D799FA002191C5 /* VowelLetterViewController.swift */ = {isa = PBXFileReference; lastKnownFileType = sourcecode.swift; path = VowelLetterViewController.swift; sourceTree = "<group>"; };
		3407962925D79B61002191C5 /* RealVowelViewController.swift */ = {isa = PBXFileReference; lastKnownFileType = sourcecode.swift; path = RealVowelViewController.swift; sourceTree = "<group>"; };
		3407962C25D79BC6002191C5 /* VowelLetter.storyboard */ = {isa = PBXFileReference; lastKnownFileType = file.storyboard; path = VowelLetter.storyboard; sourceTree = "<group>"; };
		98358CE225D6A6C70092C8FF /* BeginningSoundsViewController.swift */ = {isa = PBXFileReference; fileEncoding = 4; lastKnownFileType = sourcecode.swift; path = BeginningSoundsViewController.swift; sourceTree = "<group>"; };
		98358CE325D6A6C70092C8FF /* BeginningSoundsThreeButtonViewController.swift */ = {isa = PBXFileReference; fileEncoding = 4; lastKnownFileType = sourcecode.swift; path = BeginningSoundsThreeButtonViewController.swift; sourceTree = "<group>"; };
		98358CE425D6A6C70092C8FF /* BeginningSoundsOneButtonViewController.swift */ = {isa = PBXFileReference; fileEncoding = 4; lastKnownFileType = sourcecode.swift; path = BeginningSoundsOneButtonViewController.swift; sourceTree = "<group>"; };
		98358CE525D6A6C70092C8FF /* ThreeButtonLevelViewController.swift */ = {isa = PBXFileReference; fileEncoding = 4; lastKnownFileType = sourcecode.swift; path = ThreeButtonLevelViewController.swift; sourceTree = "<group>"; };
		98358CE625D6A6C70092C8FF /* BeginningSoundsFourButtonViewController.swift */ = {isa = PBXFileReference; fileEncoding = 4; lastKnownFileType = sourcecode.swift; path = BeginningSoundsFourButtonViewController.swift; sourceTree = "<group>"; };
		98358CE725D6A6C70092C8FF /* BeginningSoundsQuizViewController.swift */ = {isa = PBXFileReference; fileEncoding = 4; lastKnownFileType = sourcecode.swift; path = BeginningSoundsQuizViewController.swift; sourceTree = "<group>"; };
		98358CE825D6A6C70092C8FF /* BeginningSoundsTwoButtonViewController.swift */ = {isa = PBXFileReference; fileEncoding = 4; lastKnownFileType = sourcecode.swift; path = BeginningSoundsTwoButtonViewController.swift; sourceTree = "<group>"; };
		98358CE925D6A6C70092C8FF /* OneButtonLevelViewController.swift */ = {isa = PBXFileReference; fileEncoding = 4; lastKnownFileType = sourcecode.swift; path = OneButtonLevelViewController.swift; sourceTree = "<group>"; };
		98358CEA25D6A6C70092C8FF /* BeginningSounds.storyboard */ = {isa = PBXFileReference; fileEncoding = 4; lastKnownFileType = file.storyboard; path = BeginningSounds.storyboard; sourceTree = "<group>"; };
		98358CEB25D6A6C70092C8FF /* FourButtonLevelViewController.swift */ = {isa = PBXFileReference; fileEncoding = 4; lastKnownFileType = sourcecode.swift; path = FourButtonLevelViewController.swift; sourceTree = "<group>"; };
		98358CEC25D6A6C70092C8FF /* TwoButtonLevelViewController.swift */ = {isa = PBXFileReference; fileEncoding = 4; lastKnownFileType = sourcecode.swift; path = TwoButtonLevelViewController.swift; sourceTree = "<group>"; };
		C05D1AA225D26B3E00A30442 /* EndingSoundsPages.storyboard */ = {isa = PBXFileReference; lastKnownFileType = file.storyboard; path = EndingSoundsPages.storyboard; sourceTree = "<group>"; };
		C0B508DC25D676550073B187 /* EndingSounds1.swift */ = {isa = PBXFileReference; lastKnownFileType = sourcecode.swift; path = EndingSounds1.swift; sourceTree = "<group>"; };
		C0B508DF25D676630073B187 /* EndingSounds2.swift */ = {isa = PBXFileReference; lastKnownFileType = sourcecode.swift; path = EndingSounds2.swift; sourceTree = "<group>"; };
		C0B508E225D676720073B187 /* EndingSounds3.swift */ = {isa = PBXFileReference; lastKnownFileType = sourcecode.swift; path = EndingSounds3.swift; sourceTree = "<group>"; };
		C0B508E525D676820073B187 /* EndingSounds4.swift */ = {isa = PBXFileReference; lastKnownFileType = sourcecode.swift; path = EndingSounds4.swift; sourceTree = "<group>"; };
		C0BA8549256C6485000EBAEC /* Kindergarten Literacy.app */ = {isa = PBXFileReference; explicitFileType = wrapper.application; includeInIndex = 0; path = "Kindergarten Literacy.app"; sourceTree = BUILT_PRODUCTS_DIR; };
		C0BA854C256C6485000EBAEC /* AppDelegate.swift */ = {isa = PBXFileReference; lastKnownFileType = sourcecode.swift; path = AppDelegate.swift; sourceTree = "<group>"; };
		C0BA854E256C6485000EBAEC /* SceneDelegate.swift */ = {isa = PBXFileReference; lastKnownFileType = sourcecode.swift; path = SceneDelegate.swift; sourceTree = "<group>"; };
		C0BA8550256C6485000EBAEC /* ViewController.swift */ = {isa = PBXFileReference; lastKnownFileType = sourcecode.swift; path = ViewController.swift; sourceTree = "<group>"; };
		C0BA8553256C6485000EBAEC /* Base */ = {isa = PBXFileReference; lastKnownFileType = file.storyboard; name = Base; path = Base.lproj/Main.storyboard; sourceTree = "<group>"; };
		C0BA8555256C6487000EBAEC /* Assets.xcassets */ = {isa = PBXFileReference; lastKnownFileType = folder.assetcatalog; path = Assets.xcassets; sourceTree = "<group>"; };
		C0BA8558256C6487000EBAEC /* Base */ = {isa = PBXFileReference; lastKnownFileType = file.storyboard; name = Base; path = Base.lproj/LaunchScreen.storyboard; sourceTree = "<group>"; };
		C0BA855A256C6487000EBAEC /* Info.plist */ = {isa = PBXFileReference; lastKnownFileType = text.plist.xml; path = Info.plist; sourceTree = "<group>"; };
		C0BA8566256CA9ED000EBAEC /* letterMainPage.swift */ = {isa = PBXFileReference; lastKnownFileType = sourcecode.swift; path = letterMainPage.swift; sourceTree = "<group>"; };
		C0BA856E256CAAB5000EBAEC /* EndingSoundsViewController.swift */ = {isa = PBXFileReference; lastKnownFileType = sourcecode.swift; path = EndingSoundsViewController.swift; sourceTree = "<group>"; };
		DC65326125E9266F005A4320 /* nameBmras.swift */ = {isa = PBXFileReference; lastKnownFileType = sourcecode.swift; path = nameBmras.swift; sourceTree = "<group>"; };
		DC65326825E9588F005A4320 /* nameBmrasCap.swift */ = {isa = PBXFileReference; lastKnownFileType = sourcecode.swift; path = nameBmrasCap.swift; sourceTree = "<group>"; };
		DC65326B25E95AB5005A4320 /* nameAbcde.swift */ = {isa = PBXFileReference; lastKnownFileType = sourcecode.swift; path = nameAbcde.swift; sourceTree = "<group>"; };
		DC65326E25E95CCE005A4320 /* nameAbcdeCap.swift */ = {isa = PBXFileReference; lastKnownFileType = sourcecode.swift; path = nameAbcdeCap.swift; sourceTree = "<group>"; };
		DC65327125E95E97005A4320 /* alphabetLearn.swift */ = {isa = PBXFileReference; lastKnownFileType = sourcecode.swift; path = alphabetLearn.swift; sourceTree = "<group>"; };
		DC65327525E96C93005A4320 /* 00_Button_Audio_Win_A_Green_Ball_(Alphabet_Letters).mp3 */ = {isa = PBXFileReference; lastKnownFileType = audio.mp3; path = "00_Button_Audio_Win_A_Green_Ball_(Alphabet_Letters).mp3"; sourceTree = "<group>"; };
		DC65327925E97D7E005A4320 /* alphabetSound_A.mp3 */ = {isa = PBXFileReference; lastKnownFileType = audio.mp3; path = alphabetSound_A.mp3; sourceTree = "<group>"; };
		DC65327A25E97D7E005A4320 /* alphabetSound_V.mp3 */ = {isa = PBXFileReference; lastKnownFileType = audio.mp3; path = alphabetSound_V.mp3; sourceTree = "<group>"; };
		DC65327B25E97D7E005A4320 /* alphabetSound_W.mp3 */ = {isa = PBXFileReference; lastKnownFileType = audio.mp3; path = alphabetSound_W.mp3; sourceTree = "<group>"; };
		DC65327C25E97D7E005A4320 /* alphabetSound_B.mp3 */ = {isa = PBXFileReference; lastKnownFileType = audio.mp3; path = alphabetSound_B.mp3; sourceTree = "<group>"; };
		DC65327D25E97D7E005A4320 /* alphabetSound_U.mp3 */ = {isa = PBXFileReference; lastKnownFileType = audio.mp3; path = alphabetSound_U.mp3; sourceTree = "<group>"; };
		DC65327E25E97D7E005A4320 /* alphabetSound_T.mp3 */ = {isa = PBXFileReference; lastKnownFileType = audio.mp3; path = alphabetSound_T.mp3; sourceTree = "<group>"; };
		DC65327F25E97D7E005A4320 /* alphabetSound_C.mp3 */ = {isa = PBXFileReference; lastKnownFileType = audio.mp3; path = alphabetSound_C.mp3; sourceTree = "<group>"; };
		DC65328025E97D7E005A4320 /* alphabetSound_P.mp3 */ = {isa = PBXFileReference; lastKnownFileType = audio.mp3; path = alphabetSound_P.mp3; sourceTree = "<group>"; };
		DC65328125E97D7E005A4320 /* alphabetSound_G.mp3 */ = {isa = PBXFileReference; lastKnownFileType = audio.mp3; path = alphabetSound_G.mp3; sourceTree = "<group>"; };
		DC65328225E97D7E005A4320 /* alphabetSound_F.mp3 */ = {isa = PBXFileReference; lastKnownFileType = audio.mp3; path = alphabetSound_F.mp3; sourceTree = "<group>"; };
		DC65328325E97D7E005A4320 /* alphabetSound_Q.mp3 */ = {isa = PBXFileReference; lastKnownFileType = audio.mp3; path = alphabetSound_Q.mp3; sourceTree = "<group>"; };
		DC65328425E97D7E005A4320 /* alphabetSound_S.mp3 */ = {isa = PBXFileReference; lastKnownFileType = audio.mp3; path = alphabetSound_S.mp3; sourceTree = "<group>"; };
		DC65328525E97D7E005A4320 /* alphabetSound_D.mp3 */ = {isa = PBXFileReference; lastKnownFileType = audio.mp3; path = alphabetSound_D.mp3; sourceTree = "<group>"; };
		DC65328625E97D7E005A4320 /* alphabetSound_E.mp3 */ = {isa = PBXFileReference; lastKnownFileType = audio.mp3; path = alphabetSound_E.mp3; sourceTree = "<group>"; };
		DC65328725E97D7E005A4320 /* alphabetSound_R.mp3 */ = {isa = PBXFileReference; lastKnownFileType = audio.mp3; path = alphabetSound_R.mp3; sourceTree = "<group>"; };
		DC65328825E97D7E005A4320 /* alphabetSound_H.mp3 */ = {isa = PBXFileReference; lastKnownFileType = audio.mp3; path = alphabetSound_H.mp3; sourceTree = "<group>"; };
		DC65328925E97D7E005A4320 /* alphabetSound_I.mp3 */ = {isa = PBXFileReference; lastKnownFileType = audio.mp3; path = alphabetSound_I.mp3; sourceTree = "<group>"; };
		DC65328A25E97D7E005A4320 /* alphabetSound_K.mp3 */ = {isa = PBXFileReference; lastKnownFileType = audio.mp3; path = alphabetSound_K.mp3; sourceTree = "<group>"; };
		DC65328B25E97D7E005A4320 /* alphabetSound_J.mp3 */ = {isa = PBXFileReference; lastKnownFileType = audio.mp3; path = alphabetSound_J.mp3; sourceTree = "<group>"; };
		DC65328C25E97D7E005A4320 /* alphabetSound_N.mp3 */ = {isa = PBXFileReference; lastKnownFileType = audio.mp3; path = alphabetSound_N.mp3; sourceTree = "<group>"; };
		DC65328D25E97D7E005A4320 /* alphabetSound_Y.mp3 */ = {isa = PBXFileReference; lastKnownFileType = audio.mp3; path = alphabetSound_Y.mp3; sourceTree = "<group>"; };
		DC65328E25E97D7E005A4320 /* alphabetSound_X.mp3 */ = {isa = PBXFileReference; lastKnownFileType = audio.mp3; path = alphabetSound_X.mp3; sourceTree = "<group>"; };
		DC65328F25E97D7E005A4320 /* alphabetSound_O.mp3 */ = {isa = PBXFileReference; lastKnownFileType = audio.mp3; path = alphabetSound_O.mp3; sourceTree = "<group>"; };
		DC65329025E97D7E005A4320 /* alphabetSound_M.mp3 */ = {isa = PBXFileReference; lastKnownFileType = audio.mp3; path = alphabetSound_M.mp3; sourceTree = "<group>"; };
		DC65329125E97D7E005A4320 /* alphabetSound_Z.mp3 */ = {isa = PBXFileReference; lastKnownFileType = audio.mp3; path = alphabetSound_Z.mp3; sourceTree = "<group>"; };
		DC65329225E97D7E005A4320 /* alphabetSound_L.mp3 */ = {isa = PBXFileReference; lastKnownFileType = audio.mp3; path = alphabetSound_L.mp3; sourceTree = "<group>"; };
		DC6532AF25E98652005A4320 /* 00alphabet_letters.mp3 */ = {isa = PBXFileReference; lastKnownFileType = audio.mp3; path = 00alphabet_letters.mp3; sourceTree = "<group>"; };
		DC8EB4BD25CB17B300FD7BB1 /* PuzzleViewController.swift */ = {isa = PBXFileReference; fileEncoding = 4; lastKnownFileType = sourcecode.swift; path = PuzzleViewController.swift; sourceTree = "<group>"; };
		DC8EB4BE25CB17B300FD7BB1 /* CoinViewController.swift */ = {isa = PBXFileReference; fileEncoding = 4; lastKnownFileType = sourcecode.swift; path = CoinViewController.swift; sourceTree = "<group>"; };
		DCC2567B2604FA0500E48B78 /* alphabetQuiz_correct.mp3 */ = {isa = PBXFileReference; lastKnownFileType = audio.mp3; path = alphabetQuiz_correct.mp3; sourceTree = "<group>"; };
		DCD5CA3525CECD110095B416 /* LetterPages.storyboard */ = {isa = PBXFileReference; lastKnownFileType = file.storyboard; path = LetterPages.storyboard; sourceTree = "<group>"; };
		DCECA4D925EC0FC100FECDD8 /* alphabetQuiz.swift */ = {isa = PBXFileReference; lastKnownFileType = sourcecode.swift; path = alphabetQuiz.swift; sourceTree = "<group>"; };
/* End PBXFileReference section */

/* Begin PBXFrameworksBuildPhase section */
		C0BA8546256C6485000EBAEC /* Frameworks */ = {
			isa = PBXFrameworksBuildPhase;
			buildActionMask = 2147483647;
			files = (
			);
			runOnlyForDeploymentPostprocessing = 0;
		};
/* End PBXFrameworksBuildPhase section */

/* Begin PBXGroup section */
		3407962525D7999F002191C5 /* Vowel Letter */ = {
			isa = PBXGroup;
			children = (
				3407962625D799FA002191C5 /* VowelLetterViewController.swift */,
				3407962925D79B61002191C5 /* RealVowelViewController.swift */,
				3407962C25D79BC6002191C5 /* VowelLetter.storyboard */,
			);
			path = "Vowel Letter";
			sourceTree = "<group>";
		};
		98358CE125D6A6C70092C8FF /* Beginning Sounds */ = {
			isa = PBXGroup;
			children = (
				98358CE225D6A6C70092C8FF /* BeginningSoundsViewController.swift */,
				98358CE325D6A6C70092C8FF /* BeginningSoundsThreeButtonViewController.swift */,
				98358CE425D6A6C70092C8FF /* BeginningSoundsOneButtonViewController.swift */,
				98358CE525D6A6C70092C8FF /* ThreeButtonLevelViewController.swift */,
				98358CE625D6A6C70092C8FF /* BeginningSoundsFourButtonViewController.swift */,
				98358CE725D6A6C70092C8FF /* BeginningSoundsQuizViewController.swift */,
				98358CE825D6A6C70092C8FF /* BeginningSoundsTwoButtonViewController.swift */,
				98358CE925D6A6C70092C8FF /* OneButtonLevelViewController.swift */,
				98358CEA25D6A6C70092C8FF /* BeginningSounds.storyboard */,
				98358CEB25D6A6C70092C8FF /* FourButtonLevelViewController.swift */,
				98358CEC25D6A6C70092C8FF /* TwoButtonLevelViewController.swift */,
			);
			path = "Beginning Sounds";
			sourceTree = "<group>";
		};
		C05D1AA125D26B0D00A30442 /* Ending Sounds Page */ = {
			isa = PBXGroup;
			children = (
				C05D1AA225D26B3E00A30442 /* EndingSoundsPages.storyboard */,
				C0BA856E256CAAB5000EBAEC /* EndingSoundsViewController.swift */,
				C0B508DC25D676550073B187 /* EndingSounds1.swift */,
				C0B508DF25D676630073B187 /* EndingSounds2.swift */,
				C0B508E225D676720073B187 /* EndingSounds3.swift */,
				C0B508E525D676820073B187 /* EndingSounds4.swift */,
			);
			path = "Ending Sounds Page";
			sourceTree = "<group>";
		};
		C0BA8540256C6485000EBAEC = {
			isa = PBXGroup;
			children = (
				C0BA854B256C6485000EBAEC /* Kindergarten Literacy */,
				C0BA854A256C6485000EBAEC /* Products */,
			);
			sourceTree = "<group>";
		};
		C0BA854A256C6485000EBAEC /* Products */ = {
			isa = PBXGroup;
			children = (
				C0BA8549256C6485000EBAEC /* Kindergarten Literacy.app */,
			);
			name = Products;
			sourceTree = "<group>";
		};
		C0BA854B256C6485000EBAEC /* Kindergarten Literacy */ = {
			isa = PBXGroup;
			children = (
				3407962525D7999F002191C5 /* Vowel Letter */,
				98358CE125D6A6C70092C8FF /* Beginning Sounds */,
				C0BA854C256C6485000EBAEC /* AppDelegate.swift */,
				C0BA854E256C6485000EBAEC /* SceneDelegate.swift */,
				C0BA855A256C6487000EBAEC /* Info.plist */,
				C0BA8555256C6487000EBAEC /* Assets.xcassets */,
				C0BA8557256C6487000EBAEC /* LaunchScreen.storyboard */,
				C0BA8552256C6485000EBAEC /* Main.storyboard */,
				C0BA8550256C6485000EBAEC /* ViewController.swift */,
				DC8EB4BE25CB17B300FD7BB1 /* CoinViewController.swift */,
				DC8EB4BD25CB17B300FD7BB1 /* PuzzleViewController.swift */,
				C05D1AA125D26B0D00A30442 /* Ending Sounds Page */,
				DC8EB4B125CB146300FD7BB1 /* Letter Page */,
			);
			path = "Kindergarten Literacy";
			sourceTree = "<group>";
		};
		DC65327425E96ADB005A4320 /* Letter Page Sounds */ = {
			isa = PBXGroup;
			children = (
				DCC256792604EF2300E48B78 /* Alphabet Quiz - sfx */,
				DC65327825E97D7E005A4320 /* Alphabet Letters - audio */,
				DC65327525E96C93005A4320 /* 00_Button_Audio_Win_A_Green_Ball_(Alphabet_Letters).mp3 */,
				DC6532AF25E98652005A4320 /* 00alphabet_letters.mp3 */,
			);
			path = "Letter Page Sounds";
			sourceTree = "<group>";
		};
		DC65327825E97D7E005A4320 /* Alphabet Letters - audio */ = {
			isa = PBXGroup;
			children = (
				DC65327925E97D7E005A4320 /* alphabetSound_A.mp3 */,
				DC65327A25E97D7E005A4320 /* alphabetSound_V.mp3 */,
				DC65327B25E97D7E005A4320 /* alphabetSound_W.mp3 */,
				DC65327C25E97D7E005A4320 /* alphabetSound_B.mp3 */,
				DC65327D25E97D7E005A4320 /* alphabetSound_U.mp3 */,
				DC65327E25E97D7E005A4320 /* alphabetSound_T.mp3 */,
				DC65327F25E97D7E005A4320 /* alphabetSound_C.mp3 */,
				DC65328025E97D7E005A4320 /* alphabetSound_P.mp3 */,
				DC65328125E97D7E005A4320 /* alphabetSound_G.mp3 */,
				DC65328225E97D7E005A4320 /* alphabetSound_F.mp3 */,
				DC65328325E97D7E005A4320 /* alphabetSound_Q.mp3 */,
				DC65328425E97D7E005A4320 /* alphabetSound_S.mp3 */,
				DC65328525E97D7E005A4320 /* alphabetSound_D.mp3 */,
				DC65328625E97D7E005A4320 /* alphabetSound_E.mp3 */,
				DC65328725E97D7E005A4320 /* alphabetSound_R.mp3 */,
				DC65328825E97D7E005A4320 /* alphabetSound_H.mp3 */,
				DC65328925E97D7E005A4320 /* alphabetSound_I.mp3 */,
				DC65328A25E97D7E005A4320 /* alphabetSound_K.mp3 */,
				DC65328B25E97D7E005A4320 /* alphabetSound_J.mp3 */,
				DC65328C25E97D7E005A4320 /* alphabetSound_N.mp3 */,
				DC65328D25E97D7E005A4320 /* alphabetSound_Y.mp3 */,
				DC65328E25E97D7E005A4320 /* alphabetSound_X.mp3 */,
				DC65328F25E97D7E005A4320 /* alphabetSound_O.mp3 */,
				DC65329025E97D7E005A4320 /* alphabetSound_M.mp3 */,
				DC65329125E97D7E005A4320 /* alphabetSound_Z.mp3 */,
				DC65329225E97D7E005A4320 /* alphabetSound_L.mp3 */,
			);
			path = "Alphabet Letters - audio";
			sourceTree = "<group>";
		};
		DC8EB4B125CB146300FD7BB1 /* Letter Page */ = {
			isa = PBXGroup;
			children = (
				DC65327425E96ADB005A4320 /* Letter Page Sounds */,
				DCD5CA3525CECD110095B416 /* LetterPages.storyboard */,
				C0BA8566256CA9ED000EBAEC /* letterMainPage.swift */,
				DCECA4D925EC0FC100FECDD8 /* alphabetQuiz.swift */,
				DC65327125E95E97005A4320 /* alphabetLearn.swift */,
				DC65326125E9266F005A4320 /* nameBmras.swift */,
				DC65326825E9588F005A4320 /* nameBmrasCap.swift */,
				DC65326B25E95AB5005A4320 /* nameAbcde.swift */,
				DC65326E25E95CCE005A4320 /* nameAbcdeCap.swift */,
			);
			path = "Letter Page";
			sourceTree = "<group>";
		};
		DCC256792604EF2300E48B78 /* Alphabet Quiz - sfx */ = {
			isa = PBXGroup;
			children = (
				DCC2567B2604FA0500E48B78 /* alphabetQuiz_correct.mp3 */,
			);
			path = "Alphabet Quiz - sfx";
			sourceTree = "<group>";
		};
/* End PBXGroup section */

/* Begin PBXNativeTarget section */
		C0BA8548256C6485000EBAEC /* Kindergarten Literacy */ = {
			isa = PBXNativeTarget;
			buildConfigurationList = C0BA855D256C6487000EBAEC /* Build configuration list for PBXNativeTarget "Kindergarten Literacy" */;
			buildPhases = (
				C0BA8545256C6485000EBAEC /* Sources */,
				C0BA8546256C6485000EBAEC /* Frameworks */,
				C0BA8547256C6485000EBAEC /* Resources */,
			);
			buildRules = (
			);
			dependencies = (
			);
			name = "Kindergarten Literacy";
			productName = "Kindergarten Literacy";
			productReference = C0BA8549256C6485000EBAEC /* Kindergarten Literacy.app */;
			productType = "com.apple.product-type.application";
		};
/* End PBXNativeTarget section */

/* Begin PBXProject section */
		C0BA8541256C6485000EBAEC /* Project object */ = {
			isa = PBXProject;
			attributes = {
				LastSwiftUpdateCheck = 1220;
				LastUpgradeCheck = 1220;
				TargetAttributes = {
					C0BA8548256C6485000EBAEC = {
						CreatedOnToolsVersion = 12.2;
					};
				};
			};
			buildConfigurationList = C0BA8544256C6485000EBAEC /* Build configuration list for PBXProject "Kindergarten Literacy" */;
			compatibilityVersion = "Xcode 9.3";
			developmentRegion = en;
			hasScannedForEncodings = 0;
			knownRegions = (
				en,
				Base,
			);
			mainGroup = C0BA8540256C6485000EBAEC;
			productRefGroup = C0BA854A256C6485000EBAEC /* Products */;
			projectDirPath = "";
			projectRoot = "";
			targets = (
				C0BA8548256C6485000EBAEC /* Kindergarten Literacy */,
			);
		};
/* End PBXProject section */

/* Begin PBXResourcesBuildPhase section */
		C0BA8547256C6485000EBAEC /* Resources */ = {
			isa = PBXResourcesBuildPhase;
			buildActionMask = 2147483647;
			files = (
				DC6532AC25E97D7E005A4320 /* alphabetSound_L.mp3 in Resources */,
				DC65329925E97D7E005A4320 /* alphabetSound_C.mp3 in Resources */,
				DC65329725E97D7E005A4320 /* alphabetSound_U.mp3 in Resources */,
				DC65329E25E97D7E005A4320 /* alphabetSound_S.mp3 in Resources */,
				DC65329625E97D7E005A4320 /* alphabetSound_B.mp3 in Resources */,
				DC65329825E97D7E005A4320 /* alphabetSound_T.mp3 in Resources */,
				C0BA8559256C6487000EBAEC /* LaunchScreen.storyboard in Resources */,
				DC6532A025E97D7E005A4320 /* alphabetSound_E.mp3 in Resources */,
				DC6532AA25E97D7E005A4320 /* alphabetSound_M.mp3 in Resources */,
				DC6532A425E97D7E005A4320 /* alphabetSound_K.mp3 in Resources */,
				DCD5CA3625CECD110095B416 /* LetterPages.storyboard in Resources */,
				98358CF525D6A6C70092C8FF /* BeginningSounds.storyboard in Resources */,
				DC65327625E96C93005A4320 /* 00_Button_Audio_Win_A_Green_Ball_(Alphabet_Letters).mp3 in Resources */,
				DC6532B025E98652005A4320 /* 00alphabet_letters.mp3 in Resources */,
				DC65329325E97D7E005A4320 /* alphabetSound_A.mp3 in Resources */,
				DC6532A625E97D7E005A4320 /* alphabetSound_N.mp3 in Resources */,
				DC6532A125E97D7E005A4320 /* alphabetSound_R.mp3 in Resources */,
				DC6532A525E97D7E005A4320 /* alphabetSound_J.mp3 in Resources */,
				DC6532A325E97D7E005A4320 /* alphabetSound_I.mp3 in Resources */,
				C0BA8556256C6487000EBAEC /* Assets.xcassets in Resources */,
				DC65329F25E97D7E005A4320 /* alphabetSound_D.mp3 in Resources */,
				DC65329B25E97D7E005A4320 /* alphabetSound_G.mp3 in Resources */,
				DC65329425E97D7E005A4320 /* alphabetSound_V.mp3 in Resources */,
				DC65329D25E97D7E005A4320 /* alphabetSound_Q.mp3 in Resources */,
				C05D1AA325D26B3E00A30442 /* EndingSoundsPages.storyboard in Resources */,
				3407962D25D79BC6002191C5 /* VowelLetter.storyboard in Resources */,
				DC65329A25E97D7E005A4320 /* alphabetSound_P.mp3 in Resources */,
				DC65329C25E97D7E005A4320 /* alphabetSound_F.mp3 in Resources */,
				DC6532A925E97D7E005A4320 /* alphabetSound_O.mp3 in Resources */,
				DCC2567C2604FA0500E48B78 /* alphabetQuiz_correct.mp3 in Resources */,
				DC6532A725E97D7E005A4320 /* alphabetSound_Y.mp3 in Resources */,
				DC6532A225E97D7E005A4320 /* alphabetSound_H.mp3 in Resources */,
				DC65329525E97D7E005A4320 /* alphabetSound_W.mp3 in Resources */,
				DC6532AB25E97D7E005A4320 /* alphabetSound_Z.mp3 in Resources */,
				C0BA8554256C6485000EBAEC /* Main.storyboard in Resources */,
				DC6532A825E97D7E005A4320 /* alphabetSound_X.mp3 in Resources */,
			);
			runOnlyForDeploymentPostprocessing = 0;
		};
/* End PBXResourcesBuildPhase section */

/* Begin PBXSourcesBuildPhase section */
		C0BA8545256C6485000EBAEC /* Sources */ = {
			isa = PBXSourcesBuildPhase;
			buildActionMask = 2147483647;
			files = (
				98358CEF25D6A6C70092C8FF /* BeginningSoundsOneButtonViewController.swift in Sources */,
				98358CF025D6A6C70092C8FF /* ThreeButtonLevelViewController.swift in Sources */,
				98358CF225D6A6C70092C8FF /* BeginningSoundsQuizViewController.swift in Sources */,
				3407962725D799FA002191C5 /* VowelLetterViewController.swift in Sources */,
				DC8EB4C025CB17B300FD7BB1 /* CoinViewController.swift in Sources */,
				98358CF325D6A6C70092C8FF /* BeginningSoundsTwoButtonViewController.swift in Sources */,
				DCECA4DA25EC0FC100FECDD8 /* alphabetQuiz.swift in Sources */,
				98358CED25D6A6C70092C8FF /* BeginningSoundsViewController.swift in Sources */,
				DC65327225E95E97005A4320 /* alphabetLearn.swift in Sources */,
				C0BA856F256CAAB5000EBAEC /* EndingSoundsViewController.swift in Sources */,
				DC8EB4BF25CB17B300FD7BB1 /* PuzzleViewController.swift in Sources */,
				DC65326225E9266F005A4320 /* nameBmras.swift in Sources */,
				DC8EB4BF25CB17B300FD7BB1 /* PuzzleViewController.swift in Sources */,
				DC65326F25E95CCE005A4320 /* nameAbcdeCap.swift in Sources */,
				98358CF125D6A6C70092C8FF /* BeginningSoundsFourButtonViewController.swift in Sources */,
				98358CF725D6A6C70092C8FF /* TwoButtonLevelViewController.swift in Sources */,
				C0BA8567256CA9ED000EBAEC /* letterMainPage.swift in Sources */,
				98358CF625D6A6C70092C8FF /* FourButtonLevelViewController.swift in Sources */,
				DC65326925E9588F005A4320 /* nameBmrasCap.swift in Sources */,
				98358CEE25D6A6C70092C8FF /* BeginningSoundsThreeButtonViewController.swift in Sources */,
				98358CF425D6A6C70092C8FF /* OneButtonLevelViewController.swift in Sources */,
				DC65326C25E95AB5005A4320 /* nameAbcde.swift in Sources */,
				C0BA8551256C6485000EBAEC /* ViewController.swift in Sources */,
				C0B508E325D676720073B187 /* EndingSounds3.swift in Sources */,
				C0B508E625D676820073B187 /* EndingSounds4.swift in Sources */,
				3407962A25D79B61002191C5 /* RealVowelViewController.swift in Sources */,
				C0B508DD25D676550073B187 /* EndingSounds1.swift in Sources */,
				C0BA854D256C6485000EBAEC /* AppDelegate.swift in Sources */,
				C0BA854F256C6485000EBAEC /* SceneDelegate.swift in Sources */,
			);
			runOnlyForDeploymentPostprocessing = 0;
		};
/* End PBXSourcesBuildPhase section */

/* Begin PBXVariantGroup section */
		C0BA8552256C6485000EBAEC /* Main.storyboard */ = {
			isa = PBXVariantGroup;
			children = (
				C0BA8553256C6485000EBAEC /* Base */,
			);
			name = Main.storyboard;
			sourceTree = "<group>";
		};
		C0BA8557256C6487000EBAEC /* LaunchScreen.storyboard */ = {
			isa = PBXVariantGroup;
			children = (
				C0BA8558256C6487000EBAEC /* Base */,
			);
			name = LaunchScreen.storyboard;
			sourceTree = "<group>";
		};
/* End PBXVariantGroup section */

/* Begin XCBuildConfiguration section */
		C0BA855B256C6487000EBAEC /* Debug */ = {
			isa = XCBuildConfiguration;
			buildSettings = {
				ALWAYS_SEARCH_USER_PATHS = NO;
				CLANG_ANALYZER_NONNULL = YES;
				CLANG_ANALYZER_NUMBER_OBJECT_CONVERSION = YES_AGGRESSIVE;
				CLANG_CXX_LANGUAGE_STANDARD = "gnu++14";
				CLANG_CXX_LIBRARY = "libc++";
				CLANG_ENABLE_MODULES = YES;
				CLANG_ENABLE_OBJC_ARC = YES;
				CLANG_ENABLE_OBJC_WEAK = YES;
				CLANG_WARN_BLOCK_CAPTURE_AUTORELEASING = YES;
				CLANG_WARN_BOOL_CONVERSION = YES;
				CLANG_WARN_COMMA = YES;
				CLANG_WARN_CONSTANT_CONVERSION = YES;
				CLANG_WARN_DEPRECATED_OBJC_IMPLEMENTATIONS = YES;
				CLANG_WARN_DIRECT_OBJC_ISA_USAGE = YES_ERROR;
				CLANG_WARN_DOCUMENTATION_COMMENTS = YES;
				CLANG_WARN_EMPTY_BODY = YES;
				CLANG_WARN_ENUM_CONVERSION = YES;
				CLANG_WARN_INFINITE_RECURSION = YES;
				CLANG_WARN_INT_CONVERSION = YES;
				CLANG_WARN_NON_LITERAL_NULL_CONVERSION = YES;
				CLANG_WARN_OBJC_IMPLICIT_RETAIN_SELF = YES;
				CLANG_WARN_OBJC_LITERAL_CONVERSION = YES;
				CLANG_WARN_OBJC_ROOT_CLASS = YES_ERROR;
				CLANG_WARN_QUOTED_INCLUDE_IN_FRAMEWORK_HEADER = YES;
				CLANG_WARN_RANGE_LOOP_ANALYSIS = YES;
				CLANG_WARN_STRICT_PROTOTYPES = YES;
				CLANG_WARN_SUSPICIOUS_MOVE = YES;
				CLANG_WARN_UNGUARDED_AVAILABILITY = YES_AGGRESSIVE;
				CLANG_WARN_UNREACHABLE_CODE = YES;
				CLANG_WARN__DUPLICATE_METHOD_MATCH = YES;
				COPY_PHASE_STRIP = NO;
				DEBUG_INFORMATION_FORMAT = dwarf;
				ENABLE_STRICT_OBJC_MSGSEND = YES;
				ENABLE_TESTABILITY = YES;
				GCC_C_LANGUAGE_STANDARD = gnu11;
				GCC_DYNAMIC_NO_PIC = NO;
				GCC_NO_COMMON_BLOCKS = YES;
				GCC_OPTIMIZATION_LEVEL = 0;
				GCC_PREPROCESSOR_DEFINITIONS = (
					"DEBUG=1",
					"$(inherited)",
				);
				GCC_WARN_64_TO_32_BIT_CONVERSION = YES;
				GCC_WARN_ABOUT_RETURN_TYPE = YES_ERROR;
				GCC_WARN_UNDECLARED_SELECTOR = YES;
				GCC_WARN_UNINITIALIZED_AUTOS = YES_AGGRESSIVE;
				GCC_WARN_UNUSED_FUNCTION = YES;
				GCC_WARN_UNUSED_VARIABLE = YES;
				IPHONEOS_DEPLOYMENT_TARGET = 14.2;
				MTL_ENABLE_DEBUG_INFO = INCLUDE_SOURCE;
				MTL_FAST_MATH = YES;
				ONLY_ACTIVE_ARCH = YES;
				SDKROOT = iphoneos;
				SWIFT_ACTIVE_COMPILATION_CONDITIONS = DEBUG;
				SWIFT_OPTIMIZATION_LEVEL = "-Onone";
			};
			name = Debug;
		};
		C0BA855C256C6487000EBAEC /* Release */ = {
			isa = XCBuildConfiguration;
			buildSettings = {
				ALWAYS_SEARCH_USER_PATHS = NO;
				CLANG_ANALYZER_NONNULL = YES;
				CLANG_ANALYZER_NUMBER_OBJECT_CONVERSION = YES_AGGRESSIVE;
				CLANG_CXX_LANGUAGE_STANDARD = "gnu++14";
				CLANG_CXX_LIBRARY = "libc++";
				CLANG_ENABLE_MODULES = YES;
				CLANG_ENABLE_OBJC_ARC = YES;
				CLANG_ENABLE_OBJC_WEAK = YES;
				CLANG_WARN_BLOCK_CAPTURE_AUTORELEASING = YES;
				CLANG_WARN_BOOL_CONVERSION = YES;
				CLANG_WARN_COMMA = YES;
				CLANG_WARN_CONSTANT_CONVERSION = YES;
				CLANG_WARN_DEPRECATED_OBJC_IMPLEMENTATIONS = YES;
				CLANG_WARN_DIRECT_OBJC_ISA_USAGE = YES_ERROR;
				CLANG_WARN_DOCUMENTATION_COMMENTS = YES;
				CLANG_WARN_EMPTY_BODY = YES;
				CLANG_WARN_ENUM_CONVERSION = YES;
				CLANG_WARN_INFINITE_RECURSION = YES;
				CLANG_WARN_INT_CONVERSION = YES;
				CLANG_WARN_NON_LITERAL_NULL_CONVERSION = YES;
				CLANG_WARN_OBJC_IMPLICIT_RETAIN_SELF = YES;
				CLANG_WARN_OBJC_LITERAL_CONVERSION = YES;
				CLANG_WARN_OBJC_ROOT_CLASS = YES_ERROR;
				CLANG_WARN_QUOTED_INCLUDE_IN_FRAMEWORK_HEADER = YES;
				CLANG_WARN_RANGE_LOOP_ANALYSIS = YES;
				CLANG_WARN_STRICT_PROTOTYPES = YES;
				CLANG_WARN_SUSPICIOUS_MOVE = YES;
				CLANG_WARN_UNGUARDED_AVAILABILITY = YES_AGGRESSIVE;
				CLANG_WARN_UNREACHABLE_CODE = YES;
				CLANG_WARN__DUPLICATE_METHOD_MATCH = YES;
				COPY_PHASE_STRIP = NO;
				DEBUG_INFORMATION_FORMAT = "dwarf-with-dsym";
				ENABLE_NS_ASSERTIONS = NO;
				ENABLE_STRICT_OBJC_MSGSEND = YES;
				GCC_C_LANGUAGE_STANDARD = gnu11;
				GCC_NO_COMMON_BLOCKS = YES;
				GCC_WARN_64_TO_32_BIT_CONVERSION = YES;
				GCC_WARN_ABOUT_RETURN_TYPE = YES_ERROR;
				GCC_WARN_UNDECLARED_SELECTOR = YES;
				GCC_WARN_UNINITIALIZED_AUTOS = YES_AGGRESSIVE;
				GCC_WARN_UNUSED_FUNCTION = YES;
				GCC_WARN_UNUSED_VARIABLE = YES;
				IPHONEOS_DEPLOYMENT_TARGET = 14.2;
				MTL_ENABLE_DEBUG_INFO = NO;
				MTL_FAST_MATH = YES;
				SDKROOT = iphoneos;
				SWIFT_COMPILATION_MODE = wholemodule;
				SWIFT_OPTIMIZATION_LEVEL = "-O";
				VALIDATE_PRODUCT = YES;
			};
			name = Release;
		};
		C0BA855E256C6487000EBAEC /* Debug */ = {
			isa = XCBuildConfiguration;
			buildSettings = {
				ASSETCATALOG_COMPILER_APPICON_NAME = AppIcon;
				ASSETCATALOG_COMPILER_GLOBAL_ACCENT_COLOR_NAME = AccentColor;
				CODE_SIGN_STYLE = Automatic;
				DEVELOPMENT_TEAM = "";
				INFOPLIST_FILE = "Kindergarten Literacy/Info.plist";
				LD_RUNPATH_SEARCH_PATHS = (
					"$(inherited)",
					"@executable_path/Frameworks",
				);
				PRODUCT_BUNDLE_IDENTIFIER = "com.bingqingxu.Kindergarten-Literacy";
				PRODUCT_NAME = "$(TARGET_NAME)";
				SWIFT_VERSION = 5.0;
				TARGETED_DEVICE_FAMILY = "1,2";
			};
			name = Debug;
		};
		C0BA855F256C6487000EBAEC /* Release */ = {
			isa = XCBuildConfiguration;
			buildSettings = {
				ASSETCATALOG_COMPILER_APPICON_NAME = AppIcon;
				ASSETCATALOG_COMPILER_GLOBAL_ACCENT_COLOR_NAME = AccentColor;
				CODE_SIGN_STYLE = Automatic;
				DEVELOPMENT_TEAM = "";
				INFOPLIST_FILE = "Kindergarten Literacy/Info.plist";
				LD_RUNPATH_SEARCH_PATHS = (
					"$(inherited)",
					"@executable_path/Frameworks",
				);
				PRODUCT_BUNDLE_IDENTIFIER = "com.bingqingxu.Kindergarten-Literacy";
				PRODUCT_NAME = "$(TARGET_NAME)";
				SWIFT_VERSION = 5.0;
				TARGETED_DEVICE_FAMILY = "1,2";
			};
			name = Release;
		};
/* End XCBuildConfiguration section */

/* Begin XCConfigurationList section */
		C0BA8544256C6485000EBAEC /* Build configuration list for PBXProject "Kindergarten Literacy" */ = {
			isa = XCConfigurationList;
			buildConfigurations = (
				C0BA855B256C6487000EBAEC /* Debug */,
				C0BA855C256C6487000EBAEC /* Release */,
			);
			defaultConfigurationIsVisible = 0;
			defaultConfigurationName = Release;
		};
		C0BA855D256C6487000EBAEC /* Build configuration list for PBXNativeTarget "Kindergarten Literacy" */ = {
			isa = XCConfigurationList;
			buildConfigurations = (
				C0BA855E256C6487000EBAEC /* Debug */,
				C0BA855F256C6487000EBAEC /* Release */,
			);
			defaultConfigurationIsVisible = 0;
			defaultConfigurationName = Release;
		};
/* End XCConfigurationList section */
	};
	rootObject = C0BA8541256C6485000EBAEC /* Project object */;
}
